
Microsoft Visual Studio Solution File, Format Version 12.00
# Visual Studio Version 17
VisualStudioVersion = 17.5.002.0
MinimumVisualStudioVersion = 10.0.40219.1
Project("{9A19103F-16F7-4668-BE54-9A1E7A4F7556}") = "BatresA.MC#2Add2Numbers-Endpoint", "BatresA.MC#2Add2Numbers-Endpoint.csproj", "{A0E17A2F-6CE7-4CA5-AF18-ED8CFD180511}"
EndProject
Global
	GlobalSection(SolutionConfigurationPlatforms) = preSolution
		Debug|Any CPU = Debug|Any CPU
		Release|Any CPU = Release|Any CPU
	EndGlobalSection
	GlobalSection(ProjectConfigurationPlatforms) = postSolution
		{A0E17A2F-6CE7-4CA5-AF18-ED8CFD180511}.Debug|Any CPU.ActiveCfg = Debug|Any CPU
		{A0E17A2F-6CE7-4CA5-AF18-ED8CFD180511}.Debug|Any CPU.Build.0 = Debug|Any CPU
		{A0E17A2F-6CE7-4CA5-AF18-ED8CFD180511}.Release|Any CPU.ActiveCfg = Release|Any CPU
		{A0E17A2F-6CE7-4CA5-AF18-ED8CFD180511}.Release|Any CPU.Build.0 = Release|Any CPU
	EndGlobalSection
	GlobalSection(SolutionProperties) = preSolution
		HideSolutionNode = FALSE
	EndGlobalSection
	GlobalSection(ExtensibilityGlobals) = postSolution
		SolutionGuid = {175E514E-EAF1-41DF-9BF0-307D0BBE9B3D}
	EndGlobalSection
EndGlobal
